
Microsoft Visual Studio Solution File, Format Version 12.00
# Visual Studio Version 17
VisualStudioVersion = 17.13.35818.85 d17.13
MinimumVisualStudioVersion = 10.0.40219.1
Project("{FAE04EC0-301F-11D3-BF4B-00C04F79EFBC}") = "Classes", "Classes\Classes.csproj", "{DF0A543B-5227-485E-837D-EAF88556010A}"
EndProject
Global
	GlobalSection(SolutionConfigurationPlatforms) = preSolution
		Debug|Any CPU = Debug|Any CPU
		Release|Any CPU = Release|Any CPU
	EndGlobalSection
	GlobalSection(ProjectConfigurationPlatforms) = postSolution
		{DF0A543B-5227-485E-837D-EAF88556010A}.Debug|Any CPU.ActiveCfg = Debug|Any CPU
		{DF0A543B-5227-485E-837D-EAF88556010A}.Debug|Any CPU.Build.0 = Debug|Any CPU
		{DF0A543B-5227-485E-837D-EAF88556010A}.Release|Any CPU.ActiveCfg = Release|Any CPU
		{DF0A543B-5227-485E-837D-EAF88556010A}.Release|Any CPU.Build.0 = Release|Any CPU
	EndGlobalSection
	GlobalSection(SolutionProperties) = preSolution
		HideSolutionNode = FALSE
	EndGlobalSection
	GlobalSection(ExtensibilityGlobals) = postSolution
		SolutionGuid = {C1010500-3CFC-41C8-9197-4339A6ADFCFA}
	EndGlobalSection
EndGlobal
